
Microsoft Visual Studio Solution File, Format Version 12.00
# Visual Studio Version 17
VisualStudioVersion = 17.5.33516.290
MinimumVisualStudioVersion = 10.0.40219.1
Project("{FAE04EC0-301F-11D3-BF4B-00C04F79EFBC}") = "csharp-abstract-animals", "csharp-abstract-animals\csharp-abstract-animals.csproj", "{F4763705-8DEB-4A10-BB1C-9C316D59E84C}"
EndProject
Global
	GlobalSection(SolutionConfigurationPlatforms) = preSolution
		Debug|Any CPU = Debug|Any CPU
		Release|Any CPU = Release|Any CPU
	EndGlobalSection
	GlobalSection(ProjectConfigurationPlatforms) = postSolution
		{F4763705-8DEB-4A10-BB1C-9C316D59E84C}.Debug|Any CPU.ActiveCfg = Debug|Any CPU
		{F4763705-8DEB-4A10-BB1C-9C316D59E84C}.Debug|Any CPU.Build.0 = Debug|Any CPU
		{F4763705-8DEB-4A10-BB1C-9C316D59E84C}.Release|Any CPU.ActiveCfg = Release|Any CPU
		{F4763705-8DEB-4A10-BB1C-9C316D59E84C}.Release|Any CPU.Build.0 = Release|Any CPU
	EndGlobalSection
	GlobalSection(SolutionProperties) = preSolution
		HideSolutionNode = FALSE
	EndGlobalSection
	GlobalSection(ExtensibilityGlobals) = postSolution
		SolutionGuid = {0BC33F76-9FBF-49E7-9589-DB7C07941E0C}
	EndGlobalSection
EndGlobal
